
Microsoft Visual Studio Solution File, Format Version 12.00
Project("{FAE04EC0-301F-11D3-BF4B-00C04F79EFBC}") = "ConsoleApp1", "ConsoleApp1\ConsoleApp1.csproj", "{AD2B534F-4445-4413-B96C-E6FEDBA6CBED}"
EndProject
Global
	GlobalSection(SolutionConfigurationPlatforms) = preSolution
		Debug|Any CPU = Debug|Any CPU
		Release|Any CPU = Release|Any CPU
	EndGlobalSection
	GlobalSection(ProjectConfigurationPlatforms) = postSolution
		{AD2B534F-4445-4413-B96C-E6FEDBA6CBED}.Debug|Any CPU.ActiveCfg = Debug|Any CPU
		{AD2B534F-4445-4413-B96C-E6FEDBA6CBED}.Debug|Any CPU.Build.0 = Debug|Any CPU
		{AD2B534F-4445-4413-B96C-E6FEDBA6CBED}.Release|Any CPU.ActiveCfg = Release|Any CPU
		{AD2B534F-4445-4413-B96C-E6FEDBA6CBED}.Release|Any CPU.Build.0 = Release|Any CPU
	EndGlobalSection
EndGlobal
